
Microsoft Visual Studio Solution File, Format Version 12.00
# Visual Studio 15
VisualStudioVersion = 15.0.28010.2019
MinimumVisualStudioVersion = 10.0.40219.1
Project("{F184B08F-C81C-45F6-A57F-5ABD9991F28F}") = "CloudlogCAT", "OmniRig_VB_DEMO\CloudlogCAT.vbproj", "{ADCB9205-EB9A-4E96-B32F-1590B1784786}"
EndProject
Global
	GlobalSection(SolutionConfigurationPlatforms) = preSolution
		Debug|Any CPU = Debug|Any CPU
		Release|Any CPU = Release|Any CPU
	EndGlobalSection
	GlobalSection(ProjectConfigurationPlatforms) = postSolution
		{ADCB9205-EB9A-4E96-B32F-1590B1784786}.Debug|Any CPU.ActiveCfg = Debug|Any CPU
		{ADCB9205-EB9A-4E96-B32F-1590B1784786}.Debug|Any CPU.Build.0 = Debug|Any CPU
		{ADCB9205-EB9A-4E96-B32F-1590B1784786}.Release|Any CPU.ActiveCfg = Release|Any CPU
		{ADCB9205-EB9A-4E96-B32F-1590B1784786}.Release|Any CPU.Build.0 = Release|Any CPU
	EndGlobalSection
	GlobalSection(SolutionProperties) = preSolution
		HideSolutionNode = FALSE
	EndGlobalSection
	GlobalSection(ExtensibilityGlobals) = postSolution
		SolutionGuid = {1DBBF742-FEC3-48BE-BEBB-17A7B126AB39}
	EndGlobalSection
EndGlobal
